
Microsoft Visual Studio Solution File, Format Version 12.00
# Visual Studio Version 16
VisualStudioVersion = 16.0.29728.190
MinimumVisualStudioVersion = 10.0.40219.1
Project("{8BC9CEB8-8B4A-11D0-8D11-00A0C91BC942}") = "LinkedLists", "LinkedLists\LinkedLists.vcxproj", "{2061E9DE-317D-416C-B934-68DF614F955A}"
EndProject
Project("{8BC9CEB8-8B4A-11D0-8D11-00A0C91BC942}") = "Dictionary", "Dictionary\Dictionary.vcxproj", "{56A7CF18-9AE4-4CAA-BDD2-0166434F87BF}"
EndProject
Project("{8BC9CEB8-8B4A-11D0-8D11-00A0C91BC942}") = "DynamicArray", "DynamicArray\DynamicArray.vcxproj", "{0E3E4211-DE77-432E-BB7B-59C9AAA71178}"
EndProject
Project("{8BC9CEB8-8B4A-11D0-8D11-00A0C91BC942}") = "CDDS_BinaryTree", "BinaryTree\CDDS_BinaryTree.vcxproj", "{1532490A-1EC5-4851-929D-8A51D4A4C6B1}"
EndProject
Global
	GlobalSection(SolutionConfigurationPlatforms) = preSolution
		Debug|x64 = Debug|x64
		Debug|x86 = Debug|x86
		Release|x64 = Release|x64
		Release|x86 = Release|x86
	EndGlobalSection
	GlobalSection(ProjectConfigurationPlatforms) = postSolution
		{2061E9DE-317D-416C-B934-68DF614F955A}.Debug|x64.ActiveCfg = Debug|x64
		{2061E9DE-317D-416C-B934-68DF614F955A}.Debug|x64.Build.0 = Debug|x64
		{2061E9DE-317D-416C-B934-68DF614F955A}.Debug|x86.ActiveCfg = Debug|Win32
		{2061E9DE-317D-416C-B934-68DF614F955A}.Debug|x86.Build.0 = Debug|Win32
		{2061E9DE-317D-416C-B934-68DF614F955A}.Release|x64.ActiveCfg = Release|x64
		{2061E9DE-317D-416C-B934-68DF614F955A}.Release|x64.Build.0 = Release|x64
		{2061E9DE-317D-416C-B934-68DF614F955A}.Release|x86.ActiveCfg = Release|Win32
		{2061E9DE-317D-416C-B934-68DF614F955A}.Release|x86.Build.0 = Release|Win32
		{56A7CF18-9AE4-4CAA-BDD2-0166434F87BF}.Debug|x64.ActiveCfg = Debug|x64
		{56A7CF18-9AE4-4CAA-BDD2-0166434F87BF}.Debug|x64.Build.0 = Debug|x64
		{56A7CF18-9AE4-4CAA-BDD2-0166434F87BF}.Debug|x86.ActiveCfg = Debug|Win32
		{56A7CF18-9AE4-4CAA-BDD2-0166434F87BF}.Debug|x86.Build.0 = Debug|Win32
		{56A7CF18-9AE4-4CAA-BDD2-0166434F87BF}.Release|x64.ActiveCfg = Release|x64
		{56A7CF18-9AE4-4CAA-BDD2-0166434F87BF}.Release|x64.Build.0 = Release|x64
		{56A7CF18-9AE4-4CAA-BDD2-0166434F87BF}.Release|x86.ActiveCfg = Release|Win32
		{56A7CF18-9AE4-4CAA-BDD2-0166434F87BF}.Release|x86.Build.0 = Release|Win32
		{0E3E4211-DE77-432E-BB7B-59C9AAA71178}.Debug|x64.ActiveCfg = Debug|x64
		{0E3E4211-DE77-432E-BB7B-59C9AAA71178}.Debug|x64.Build.0 = Debug|x64
		{0E3E4211-DE77-432E-BB7B-59C9AAA71178}.Debug|x86.ActiveCfg = Debug|Win32
		{0E3E4211-DE77-432E-BB7B-59C9AAA71178}.Debug|x86.Build.0 = Debug|Win32
		{0E3E4211-DE77-432E-BB7B-59C9AAA71178}.Release|x64.ActiveCfg = Release|x64
		{0E3E4211-DE77-432E-BB7B-59C9AAA71178}.Release|x64.Build.0 = Release|x64
		{0E3E4211-DE77-432E-BB7B-59C9AAA71178}.Release|x86.ActiveCfg = Release|Win32
		{0E3E4211-DE77-432E-BB7B-59C9AAA71178}.Release|x86.Build.0 = Release|Win32
		{1532490A-1EC5-4851-929D-8A51D4A4C6B1}.Debug|x64.ActiveCfg = Debug|x64
		{1532490A-1EC5-4851-929D-8A51D4A4C6B1}.Debug|x64.Build.0 = Debug|x64
		{1532490A-1EC5-4851-929D-8A51D4A4C6B1}.Debug|x86.ActiveCfg = Debug|Win32
		{1532490A-1EC5-4851-929D-8A51D4A4C6B1}.Debug|x86.Build.0 = Debug|Win32
		{1532490A-1EC5-4851-929D-8A51D4A4C6B1}.Release|x64.ActiveCfg = Release|x64
		{1532490A-1EC5-4851-929D-8A51D4A4C6B1}.Release|x64.Build.0 = Release|x64
		{1532490A-1EC5-4851-929D-8A51D4A4C6B1}.Release|x86.ActiveCfg = Release|Win32
		{1532490A-1EC5-4851-929D-8A51D4A4C6B1}.Release|x86.Build.0 = Release|Win32
	EndGlobalSection
	GlobalSection(SolutionProperties) = preSolution
		HideSolutionNode = FALSE
	EndGlobalSection
	GlobalSection(ExtensibilityGlobals) = postSolution
		SolutionGuid = {952FA94E-C9B1-487C-BDC7-01722A51061C}
	EndGlobalSection
EndGlobal
